<Solution>
  <Folder Name="/src/">
    <Project Path="src/InertiaCore/InertiaCore.csproj" />
    <Project Path="src/InertiaCore.Testing/InertiaCore.Testing.csproj" />
  </Folder>
  <Folder Name="/tests/">
    <Project Path="tests/InertiaCore.Tests/InertiaCore.Tests.csproj" />
  </Folder>
  <Folder Name="/samples/">
    <Project Path="samples/DemoApp/DemoApp.csproj" />
  </Folder>
  <Project Path="../InertiaCore.Vite/src/InertiaCore.Vite/InertiaCore.Vite.csproj" />
</Solution>
